{
  "requires": true,
  "lockfileVersion": 1,
  "dependencies": {
    "bootstrap-select": {
      "version": "1.13.11",
      "resolved": "https://registry.npmjs.org/bootstrap-select/-/bootstrap-select-1.13.11.tgz",
      "integrity": "sha512-WPpx2DYL9jVilNoqy4Pjcfa/Q0LOq8V0+xws/pmnRDn/deS7OYjo1njvD1Cv0s9/1ZUXt77UypxuloimEnkYsA=="
    }
  }
}
